
Microsoft Visual Studio Solution File, Format Version 12.00
# Visual Studio Version 17
VisualStudioVersion = 17.14.36221.1 d17.14
MinimumVisualStudioVersion = 10.0.40219.1
Project("{FAE04EC0-301F-11D3-BF4B-00C04F79EFBC}") = "CareerCracker", "CareerCracker.csproj", "{B9538781-54D0-6420-0320-2BED813292BF}"
EndProject
Global
	GlobalSection(SolutionConfigurationPlatforms) = preSolution
		Debug|Any CPU = Debug|Any CPU
		Release|Any CPU = Release|Any CPU
	EndGlobalSection
	GlobalSection(ProjectConfigurationPlatforms) = postSolution
		{B9538781-54D0-6420-0320-2BED813292BF}.Debug|Any CPU.ActiveCfg = Debug|Any CPU
		{B9538781-54D0-6420-0320-2BED813292BF}.Debug|Any CPU.Build.0 = Debug|Any CPU
		{B9538781-54D0-6420-0320-2BED813292BF}.Release|Any CPU.ActiveCfg = Release|Any CPU
		{B9538781-54D0-6420-0320-2BED813292BF}.Release|Any CPU.Build.0 = Release|Any CPU
	EndGlobalSection
	GlobalSection(SolutionProperties) = preSolution
		HideSolutionNode = FALSE
	EndGlobalSection
	GlobalSection(ExtensibilityGlobals) = postSolution
		SolutionGuid = {2691F007-1C43-46B3-BAC4-FA62732BE5A0}
	EndGlobalSection
EndGlobal
